
Microsoft Visual Studio Solution File, Format Version 12.00
# Visual Studio Version 16
VisualStudioVersion = 16.0.31729.503
MinimumVisualStudioVersion = 10.0.40219.1
Project("{9A19103F-16F7-4668-BE54-9A1E7A4F7556}") = "SoftMedia Task", "SoftMedia Task\SoftMedia Task.csproj", "{04BA6AB9-6553-4F1A-B80D-1529A5957BE4}"
EndProject
Project("{9A19103F-16F7-4668-BE54-9A1E7A4F7556}") = "SoftMedia Task.Tests", "SoftMedia Task.Tests\SoftMedia Task.Tests.csproj", "{06699EBB-16B2-4F20-A157-FAB6F045847B}"
EndProject
Global
	GlobalSection(SolutionConfigurationPlatforms) = preSolution
		Debug|Any CPU = Debug|Any CPU
		Release|Any CPU = Release|Any CPU
	EndGlobalSection
	GlobalSection(ProjectConfigurationPlatforms) = postSolution
		{04BA6AB9-6553-4F1A-B80D-1529A5957BE4}.Debug|Any CPU.ActiveCfg = Debug|Any CPU
		{04BA6AB9-6553-4F1A-B80D-1529A5957BE4}.Debug|Any CPU.Build.0 = Debug|Any CPU
		{04BA6AB9-6553-4F1A-B80D-1529A5957BE4}.Release|Any CPU.ActiveCfg = Release|Any CPU
		{04BA6AB9-6553-4F1A-B80D-1529A5957BE4}.Release|Any CPU.Build.0 = Release|Any CPU
		{06699EBB-16B2-4F20-A157-FAB6F045847B}.Debug|Any CPU.ActiveCfg = Debug|Any CPU
		{06699EBB-16B2-4F20-A157-FAB6F045847B}.Debug|Any CPU.Build.0 = Debug|Any CPU
		{06699EBB-16B2-4F20-A157-FAB6F045847B}.Release|Any CPU.ActiveCfg = Release|Any CPU
		{06699EBB-16B2-4F20-A157-FAB6F045847B}.Release|Any CPU.Build.0 = Release|Any CPU
	EndGlobalSection
	GlobalSection(SolutionProperties) = preSolution
		HideSolutionNode = FALSE
	EndGlobalSection
	GlobalSection(ExtensibilityGlobals) = postSolution
		SolutionGuid = {A2195C7E-74B6-4387-A749-D2BAE015174A}
	EndGlobalSection
EndGlobal
